
Microsoft Visual Studio Solution File, Format Version 12.00
# Visual Studio 14
VisualStudioVersion = 14.0.25420.1
MinimumVisualStudioVersion = 10.0.40219.1
Project("{FAE04EC0-301F-11D3-BF4B-00C04F79EFBC}") = "DemoApp", "DemoApp\DemoApp\DemoApp.csproj", "{631DF145-5AA3-4184-88E1-6F4CABA38A7B}"
EndProject
Project("{FAE04EC0-301F-11D3-BF4B-00C04F79EFBC}") = "DemoApp.Droid", "DemoApp\DemoApp.Droid\DemoApp.Droid.csproj", "{9A8AA5BE-0AC3-4BF5-8C8D-23C8BDBB6EBA}"
EndProject
Project("{FAE04EC0-301F-11D3-BF4B-00C04F79EFBC}") = "DemoApp.iOS", "DemoApp\DemoApp.iOS\DemoApp.iOS.csproj", "{9F452F76-E72E-41C1-81CE-8CA628FF71DF}"
EndProject
Project("{FAE04EC0-301F-11D3-BF4B-00C04F79EFBC}") = "DemoApp.UWP", "DemoApp\DemoApp.UWP\DemoApp.UWP.csproj", "{9C9876BC-9165-413B-9B80-E2F64A4F0B01}"
EndProject
Global
	GlobalSection(SolutionConfigurationPlatforms) = preSolution
		Ad-Hoc|Any CPU = Ad-Hoc|Any CPU
		Ad-Hoc|ARM = Ad-Hoc|ARM
		Ad-Hoc|iPhone = Ad-Hoc|iPhone
		Ad-Hoc|iPhoneSimulator = Ad-Hoc|iPhoneSimulator
		Ad-Hoc|x64 = Ad-Hoc|x64
		Ad-Hoc|x86 = Ad-Hoc|x86
		AppStore|Any CPU = AppStore|Any CPU
		AppStore|ARM = AppStore|ARM
		AppStore|iPhone = AppStore|iPhone
		AppStore|iPhoneSimulator = AppStore|iPhoneSimulator
		AppStore|x64 = AppStore|x64
		AppStore|x86 = AppStore|x86
		Debug|Any CPU = Debug|Any CPU
		Debug|ARM = Debug|ARM
		Debug|iPhone = Debug|iPhone
		Debug|iPhoneSimulator = Debug|iPhoneSimulator
		Debug|x64 = Debug|x64
		Debug|x86 = Debug|x86
		Release|Any CPU = Release|Any CPU
		Release|ARM = Release|ARM
		Release|iPhone = Release|iPhone
		Release|iPhoneSimulator = Release|iPhoneSimulator
		Release|x64 = Release|x64
		Release|x86 = Release|x86
	EndGlobalSection
	GlobalSection(ProjectConfigurationPlatforms) = postSolution
		{631DF145-5AA3-4184-88E1-6F4CABA38A7B}.Ad-Hoc|Any CPU.ActiveCfg = Release|Any CPU
		{631DF145-5AA3-4184-88E1-6F4CABA38A7B}.Ad-Hoc|Any CPU.Build.0 = Release|Any CPU
		{631DF145-5AA3-4184-88E1-6F4CABA38A7B}.Ad-Hoc|ARM.ActiveCfg = Release|Any CPU
		{631DF145-5AA3-4184-88E1-6F4CABA38A7B}.Ad-Hoc|ARM.Build.0 = Release|Any CPU
		{631DF145-5AA3-4184-88E1-6F4CABA38A7B}.Ad-Hoc|iPhone.ActiveCfg = Release|Any CPU
		{631DF145-5AA3-4184-88E1-6F4CABA38A7B}.Ad-Hoc|iPhone.Build.0 = Release|Any CPU
		{631DF145-5AA3-4184-88E1-6F4CABA38A7B}.Ad-Hoc|iPhoneSimulator.ActiveCfg = Release|Any CPU
		{631DF145-5AA3-4184-88E1-6F4CABA38A7B}.Ad-Hoc|iPhoneSimulator.Build.0 = Release|Any CPU
		{631DF145-5AA3-4184-88E1-6F4CABA38A7B}.Ad-Hoc|x64.ActiveCfg = Release|Any CPU
		{631DF145-5AA3-4184-88E1-6F4CABA38A7B}.Ad-Hoc|x64.Build.0 = Release|Any CPU
		{631DF145-5AA3-4184-88E1-6F4CABA38A7B}.Ad-Hoc|x86.ActiveCfg = Release|Any CPU
		{631DF145-5AA3-4184-88E1-6F4CABA38A7B}.Ad-Hoc|x86.Build.0 = Release|Any CPU
		{631DF145-5AA3-4184-88E1-6F4CABA38A7B}.AppStore|Any CPU.ActiveCfg = Release|Any CPU
		{631DF145-5AA3-4184-88E1-6F4CABA38A7B}.AppStore|Any CPU.Build.0 = Release|Any CPU
		{631DF145-5AA3-4184-88E1-6F4CABA38A7B}.AppStore|ARM.ActiveCfg = Release|Any CPU
		{631DF145-5AA3-4184-88E1-6F4CABA38A7B}.AppStore|ARM.Build.0 = Release|Any CPU
		{631DF145-5AA3-4184-88E1-6F4CABA38A7B}.AppStore|iPhone.ActiveCfg = Release|Any CPU
		{631DF145-5AA3-4184-88E1-6F4CABA38A7B}.AppStore|iPhone.Build.0 = Release|Any CPU
		{631DF145-5AA3-4184-88E1-6F4CABA38A7B}.AppStore|iPhoneSimulator.ActiveCfg = Release|Any CPU
		{631DF145-5AA3-4184-88E1-6F4CABA38A7B}.AppStore|iPhoneSimulator.Build.0 = Release|Any CPU
		{631DF145-5AA3-4184-88E1-6F4CABA38A7B}.AppStore|x64.ActiveCfg = Release|Any CPU
		{631DF145-5AA3-4184-88E1-6F4CABA38A7B}.AppStore|x64.Build.0 = Release|Any CPU
		{631DF145-5AA3-4184-88E1-6F4CABA38A7B}.AppStore|x86.ActiveCfg = Release|Any CPU
		{631DF145-5AA3-4184-88E1-6F4CABA38A7B}.AppStore|x86.Build.0 = Release|Any CPU
		{631DF145-5AA3-4184-88E1-6F4CABA38A7B}.Debug|Any CPU.ActiveCfg = Debug|Any CPU
		{631DF145-5AA3-4184-88E1-6F4CABA38A7B}.Debug|Any CPU.Build.0 = Debug|Any CPU
		{631DF145-5AA3-4184-88E1-6F4CABA38A7B}.Debug|ARM.ActiveCfg = Debug|Any CPU
		{631DF145-5AA3-4184-88E1-6F4CABA38A7B}.Debug|ARM.Build.0 = Debug|Any CPU
		{631DF145-5AA3-4184-88E1-6F4CABA38A7B}.Debug|iPhone.ActiveCfg = Debug|Any CPU
		{631DF145-5AA3-4184-88E1-6F4CABA38A7B}.Debug|iPhone.Build.0 = Debug|Any CPU
		{631DF145-5AA3-4184-88E1-6F4CABA38A7B}.Debug|iPhoneSimulator.ActiveCfg = Debug|Any CPU
		{631DF145-5AA3-4184-88E1-6F4CABA38A7B}.Debug|iPhoneSimulator.Build.0 = Debug|Any CPU
		{631DF145-5AA3-4184-88E1-6F4CABA38A7B}.Debug|x64.ActiveCfg = Debug|Any CPU
		{631DF145-5AA3-4184-88E1-6F4CABA38A7B}.Debug|x64.Build.0 = Debug|Any CPU
		{631DF145-5AA3-4184-88E1-6F4CABA38A7B}.Debug|x86.ActiveCfg = Debug|Any CPU
		{631DF145-5AA3-4184-88E1-6F4CABA38A7B}.Debug|x86.Build.0 = Debug|Any CPU
		{631DF145-5AA3-4184-88E1-6F4CABA38A7B}.Release|Any CPU.ActiveCfg = Release|Any CPU
		{631DF145-5AA3-4184-88E1-6F4CABA38A7B}.Release|Any CPU.Build.0 = Release|Any CPU
		{631DF145-5AA3-4184-88E1-6F4CABA38A7B}.Release|ARM.ActiveCfg = Release|Any CPU
		{631DF145-5AA3-4184-88E1-6F4CABA38A7B}.Release|ARM.Build.0 = Release|Any CPU
		{631DF145-5AA3-4184-88E1-6F4CABA38A7B}.Release|iPhone.ActiveCfg = Release|Any CPU
		{631DF145-5AA3-4184-88E1-6F4CABA38A7B}.Release|iPhone.Build.0 = Release|Any CPU
		{631DF145-5AA3-4184-88E1-6F4CABA38A7B}.Release|iPhoneSimulator.ActiveCfg = Release|Any CPU
		{631DF145-5AA3-4184-88E1-6F4CABA38A7B}.Release|iPhoneSimulator.Build.0 = Release|Any CPU
		{631DF145-5AA3-4184-88E1-6F4CABA38A7B}.Release|x64.ActiveCfg = Release|Any CPU
		{631DF145-5AA3-4184-88E1-6F4CABA38A7B}.Release|x64.Build.0 = Release|Any CPU
		{631DF145-5AA3-4184-88E1-6F4CABA38A7B}.Release|x86.ActiveCfg = Release|Any CPU
		{631DF145-5AA3-4184-88E1-6F4CABA38A7B}.Release|x86.Build.0 = Release|Any CPU
		{9A8AA5BE-0AC3-4BF5-8C8D-23C8BDBB6EBA}.Ad-Hoc|Any CPU.ActiveCfg = Release|Any CPU
		{9A8AA5BE-0AC3-4BF5-8C8D-23C8BDBB6EBA}.Ad-Hoc|Any CPU.Build.0 = Release|Any CPU
		{9A8AA5BE-0AC3-4BF5-8C8D-23C8BDBB6EBA}.Ad-Hoc|Any CPU.Deploy.0 = Release|Any CPU
		{9A8AA5BE-0AC3-4BF5-8C8D-23C8BDBB6EBA}.Ad-Hoc|ARM.ActiveCfg = Release|Any CPU
		{9A8AA5BE-0AC3-4BF5-8C8D-23C8BDBB6EBA}.Ad-Hoc|ARM.Build.0 = Release|Any CPU
		{9A8AA5BE-0AC3-4BF5-8C8D-23C8BDBB6EBA}.Ad-Hoc|ARM.Deploy.0 = Release|Any CPU
		{9A8AA5BE-0AC3-4BF5-8C8D-23C8BDBB6EBA}.Ad-Hoc|iPhone.ActiveCfg = Release|Any CPU
		{9A8AA5BE-0AC3-4BF5-8C8D-23C8BDBB6EBA}.Ad-Hoc|iPhone.Build.0 = Release|Any CPU
		{9A8AA5BE-0AC3-4BF5-8C8D-23C8BDBB6EBA}.Ad-Hoc|iPhone.Deploy.0 = Release|Any CPU
		{9A8AA5BE-0AC3-4BF5-8C8D-23C8BDBB6EBA}.Ad-Hoc|iPhoneSimulator.ActiveCfg = Release|Any CPU
		{9A8AA5BE-0AC3-4BF5-8C8D-23C8BDBB6EBA}.Ad-Hoc|iPhoneSimulator.Build.0 = Release|Any CPU
		{9A8AA5BE-0AC3-4BF5-8C8D-23C8BDBB6EBA}.Ad-Hoc|iPhoneSimulator.Deploy.0 = Release|Any CPU
		{9A8AA5BE-0AC3-4BF5-8C8D-23C8BDBB6EBA}.Ad-Hoc|x64.ActiveCfg = Release|Any CPU
		{9A8AA5BE-0AC3-4BF5-8C8D-23C8BDBB6EBA}.Ad-Hoc|x64.Build.0 = Release|Any CPU
		{9A8AA5BE-0AC3-4BF5-8C8D-23C8BDBB6EBA}.Ad-Hoc|x64.Deploy.0 = Release|Any CPU
		{9A8AA5BE-0AC3-4BF5-8C8D-23C8BDBB6EBA}.Ad-Hoc|x86.ActiveCfg = Release|Any CPU
		{9A8AA5BE-0AC3-4BF5-8C8D-23C8BDBB6EBA}.Ad-Hoc|x86.Build.0 = Release|Any CPU
		{9A8AA5BE-0AC3-4BF5-8C8D-23C8BDBB6EBA}.Ad-Hoc|x86.Deploy.0 = Release|Any CPU
		{9A8AA5BE-0AC3-4BF5-8C8D-23C8BDBB6EBA}.AppStore|Any CPU.ActiveCfg = Release|Any CPU
		{9A8AA5BE-0AC3-4BF5-8C8D-23C8BDBB6EBA}.AppStore|Any CPU.Build.0 = Release|Any CPU
		{9A8AA5BE-0AC3-4BF5-8C8D-23C8BDBB6EBA}.AppStore|Any CPU.Deploy.0 = Release|Any CPU
		{9A8AA5BE-0AC3-4BF5-8C8D-23C8BDBB6EBA}.AppStore|ARM.ActiveCfg = Release|Any CPU
		{9A8AA5BE-0AC3-4BF5-8C8D-23C8BDBB6EBA}.AppStore|ARM.Build.0 = Release|Any CPU
		{9A8AA5BE-0AC3-4BF5-8C8D-23C8BDBB6EBA}.AppStore|ARM.Deploy.0 = Release|Any CPU
		{9A8AA5BE-0AC3-4BF5-8C8D-23C8BDBB6EBA}.AppStore|iPhone.ActiveCfg = Release|Any CPU
		{9A8AA5BE-0AC3-4BF5-8C8D-23C8BDBB6EBA}.AppStore|iPhone.Build.0 = Release|Any CPU
		{9A8AA5BE-0AC3-4BF5-8C8D-23C8BDBB6EBA}.AppStore|iPhone.Deploy.0 = Release|Any CPU
		{9A8AA5BE-0AC3-4BF5-8C8D-23C8BDBB6EBA}.AppStore|iPhoneSimulator.ActiveCfg = Release|Any CPU
		{9A8AA5BE-0AC3-4BF5-8C8D-23C8BDBB6EBA}.AppStore|iPhoneSimulator.Build.0 = Release|Any CPU
		{9A8AA5BE-0AC3-4BF5-8C8D-23C8BDBB6EBA}.AppStore|iPhoneSimulator.Deploy.0 = Release|Any CPU
		{9A8AA5BE-0AC3-4BF5-8C8D-23C8BDBB6EBA}.AppStore|x64.ActiveCfg = Release|Any CPU
		{9A8AA5BE-0AC3-4BF5-8C8D-23C8BDBB6EBA}.AppStore|x64.Build.0 = Release|Any CPU
		{9A8AA5BE-0AC3-4BF5-8C8D-23C8BDBB6EBA}.AppStore|x64.Deploy.0 = Release|Any CPU
		{9A8AA5BE-0AC3-4BF5-8C8D-23C8BDBB6EBA}.AppStore|x86.ActiveCfg = Release|Any CPU
		{9A8AA5BE-0AC3-4BF5-8C8D-23C8BDBB6EBA}.AppStore|x86.Build.0 = Release|Any CPU
		{9A8AA5BE-0AC3-4BF5-8C8D-23C8BDBB6EBA}.AppStore|x86.Deploy.0 = Release|Any CPU
		{9A8AA5BE-0AC3-4BF5-8C8D-23C8BDBB6EBA}.Debug|Any CPU.ActiveCfg = Debug|Any CPU
		{9A8AA5BE-0AC3-4BF5-8C8D-23C8BDBB6EBA}.Debug|Any CPU.Build.0 = Debug|Any CPU
		{9A8AA5BE-0AC3-4BF5-8C8D-23C8BDBB6EBA}.Debug|Any CPU.Deploy.0 = Debug|Any CPU
		{9A8AA5BE-0AC3-4BF5-8C8D-23C8BDBB6EBA}.Debug|ARM.ActiveCfg = Debug|Any CPU
		{9A8AA5BE-0AC3-4BF5-8C8D-23C8BDBB6EBA}.Debug|ARM.Build.0 = Debug|Any CPU
		{9A8AA5BE-0AC3-4BF5-8C8D-23C8BDBB6EBA}.Debug|ARM.Deploy.0 = Debug|Any CPU
		{9A8AA5BE-0AC3-4BF5-8C8D-23C8BDBB6EBA}.Debug|iPhone.ActiveCfg = Debug|Any CPU
		{9A8AA5BE-0AC3-4BF5-8C8D-23C8BDBB6EBA}.Debug|iPhone.Build.0 = Debug|Any CPU
		{9A8AA5BE-0AC3-4BF5-8C8D-23C8BDBB6EBA}.Debug|iPhone.Deploy.0 = Debug|Any CPU
		{9A8AA5BE-0AC3-4BF5-8C8D-23C8BDBB6EBA}.Debug|iPhoneSimulator.ActiveCfg = Debug|Any CPU
		{9A8AA5BE-0AC3-4BF5-8C8D-23C8BDBB6EBA}.Debug|iPhoneSimulator.Build.0 = Debug|Any CPU
		{9A8AA5BE-0AC3-4BF5-8C8D-23C8BDBB6EBA}.Debug|iPhoneSimulator.Deploy.0 = Debug|Any CPU
		{9A8AA5BE-0AC3-4BF5-8C8D-23C8BDBB6EBA}.Debug|x64.ActiveCfg = Debug|Any CPU
		{9A8AA5BE-0AC3-4BF5-8C8D-23C8BDBB6EBA}.Debug|x64.Build.0 = Debug|Any CPU
		{9A8AA5BE-0AC3-4BF5-8C8D-23C8BDBB6EBA}.Debug|x64.Deploy.0 = Debug|Any CPU
		{9A8AA5BE-0AC3-4BF5-8C8D-23C8BDBB6EBA}.Debug|x86.ActiveCfg = Debug|Any CPU
		{9A8AA5BE-0AC3-4BF5-8C8D-23C8BDBB6EBA}.Debug|x86.Build.0 = Debug|Any CPU
		{9A8AA5BE-0AC3-4BF5-8C8D-23C8BDBB6EBA}.Debug|x86.Deploy.0 = Debug|Any CPU
		{9A8AA5BE-0AC3-4BF5-8C8D-23C8BDBB6EBA}.Release|Any CPU.ActiveCfg = Release|Any CPU
		{9A8AA5BE-0AC3-4BF5-8C8D-23C8BDBB6EBA}.Release|Any CPU.Build.0 = Release|Any CPU
		{9A8AA5BE-0AC3-4BF5-8C8D-23C8BDBB6EBA}.Release|Any CPU.Deploy.0 = Release|Any CPU
		{9A8AA5BE-0AC3-4BF5-8C8D-23C8BDBB6EBA}.Release|ARM.ActiveCfg = Release|Any CPU
		{9A8AA5BE-0AC3-4BF5-8C8D-23C8BDBB6EBA}.Release|ARM.Build.0 = Release|Any CPU
		{9A8AA5BE-0AC3-4BF5-8C8D-23C8BDBB6EBA}.Release|ARM.Deploy.0 = Release|Any CPU
		{9A8AA5BE-0AC3-4BF5-8C8D-23C8BDBB6EBA}.Release|iPhone.ActiveCfg = Release|Any CPU
		{9A8AA5BE-0AC3-4BF5-8C8D-23C8BDBB6EBA}.Release|iPhone.Build.0 = Release|Any CPU
		{9A8AA5BE-0AC3-4BF5-8C8D-23C8BDBB6EBA}.Release|iPhone.Deploy.0 = Release|Any CPU
		{9A8AA5BE-0AC3-4BF5-8C8D-23C8BDBB6EBA}.Release|iPhoneSimulator.ActiveCfg = Release|Any CPU
		{9A8AA5BE-0AC3-4BF5-8C8D-23C8BDBB6EBA}.Release|iPhoneSimulator.Build.0 = Release|Any CPU
		{9A8AA5BE-0AC3-4BF5-8C8D-23C8BDBB6EBA}.Release|iPhoneSimulator.Deploy.0 = Release|Any CPU
		{9A8AA5BE-0AC3-4BF5-8C8D-23C8BDBB6EBA}.Release|x64.ActiveCfg = Release|Any CPU
		{9A8AA5BE-0AC3-4BF5-8C8D-23C8BDBB6EBA}.Release|x64.Build.0 = Release|Any CPU
		{9A8AA5BE-0AC3-4BF5-8C8D-23C8BDBB6EBA}.Release|x64.Deploy.0 = Release|Any CPU
		{9A8AA5BE-0AC3-4BF5-8C8D-23C8BDBB6EBA}.Release|x86.ActiveCfg = Release|Any CPU
		{9A8AA5BE-0AC3-4BF5-8C8D-23C8BDBB6EBA}.Release|x86.Build.0 = Release|Any CPU
		{9A8AA5BE-0AC3-4BF5-8C8D-23C8BDBB6EBA}.Release|x86.Deploy.0 = Release|Any CPU
		{9F452F76-E72E-41C1-81CE-8CA628FF71DF}.Ad-Hoc|Any CPU.ActiveCfg = Ad-Hoc|iPhone
		{9F452F76-E72E-41C1-81CE-8CA628FF71DF}.Ad-Hoc|ARM.ActiveCfg = Ad-Hoc|iPhone
		{9F452F76-E72E-41C1-81CE-8CA628FF71DF}.Ad-Hoc|iPhone.ActiveCfg = Ad-Hoc|iPhone
		{9F452F76-E72E-41C1-81CE-8CA628FF71DF}.Ad-Hoc|iPhone.Build.0 = Ad-Hoc|iPhone
		{9F452F76-E72E-41C1-81CE-8CA628FF71DF}.Ad-Hoc|iPhoneSimulator.ActiveCfg = Ad-Hoc|iPhoneSimulator
		{9F452F76-E72E-41C1-81CE-8CA628FF71DF}.Ad-Hoc|iPhoneSimulator.Build.0 = Ad-Hoc|iPhoneSimulator
		{9F452F76-E72E-41C1-81CE-8CA628FF71DF}.Ad-Hoc|x64.ActiveCfg = Ad-Hoc|iPhone
		{9F452F76-E72E-41C1-81CE-8CA628FF71DF}.Ad-Hoc|x86.ActiveCfg = Ad-Hoc|iPhone
		{9F452F76-E72E-41C1-81CE-8CA628FF71DF}.AppStore|Any CPU.ActiveCfg = AppStore|iPhone
		{9F452F76-E72E-41C1-81CE-8CA628FF71DF}.AppStore|ARM.ActiveCfg = AppStore|iPhone
		{9F452F76-E72E-41C1-81CE-8CA628FF71DF}.AppStore|iPhone.ActiveCfg = AppStore|iPhone
		{9F452F76-E72E-41C1-81CE-8CA628FF71DF}.AppStore|iPhone.Build.0 = AppStore|iPhone
		{9F452F76-E72E-41C1-81CE-8CA628FF71DF}.AppStore|iPhoneSimulator.ActiveCfg = AppStore|iPhoneSimulator
		{9F452F76-E72E-41C1-81CE-8CA628FF71DF}.AppStore|iPhoneSimulator.Build.0 = AppStore|iPhoneSimulator
		{9F452F76-E72E-41C1-81CE-8CA628FF71DF}.AppStore|x64.ActiveCfg = AppStore|iPhone
		{9F452F76-E72E-41C1-81CE-8CA628FF71DF}.AppStore|x86.ActiveCfg = AppStore|iPhone
		{9F452F76-E72E-41C1-81CE-8CA628FF71DF}.Debug|Any CPU.ActiveCfg = Debug|iPhone
		{9F452F76-E72E-41C1-81CE-8CA628FF71DF}.Debug|Any CPU.Build.0 = Debug|iPhone
		{9F452F76-E72E-41C1-81CE-8CA628FF71DF}.Debug|ARM.ActiveCfg = Debug|iPhone
		{9F452F76-E72E-41C1-81CE-8CA628FF71DF}.Debug|iPhone.ActiveCfg = Debug|iPhoneSimulator
		{9F452F76-E72E-41C1-81CE-8CA628FF71DF}.Debug|iPhone.Build.0 = Debug|iPhoneSimulator
		{9F452F76-E72E-41C1-81CE-8CA628FF71DF}.Debug|iPhoneSimulator.ActiveCfg = Debug|iPhoneSimulator
		{9F452F76-E72E-41C1-81CE-8CA628FF71DF}.Debug|iPhoneSimulator.Build.0 = Debug|iPhoneSimulator
		{9F452F76-E72E-41C1-81CE-8CA628FF71DF}.Debug|x64.ActiveCfg = Debug|iPhone
		{9F452F76-E72E-41C1-81CE-8CA628FF71DF}.Debug|x86.ActiveCfg = Debug|iPhone
		{9F452F76-E72E-41C1-81CE-8CA628FF71DF}.Release|Any CPU.ActiveCfg = Release|iPhone
		{9F452F76-E72E-41C1-81CE-8CA628FF71DF}.Release|ARM.ActiveCfg = Release|iPhone
		{9F452F76-E72E-41C1-81CE-8CA628FF71DF}.Release|iPhone.ActiveCfg = Release|iPhone
		{9F452F76-E72E-41C1-81CE-8CA628FF71DF}.Release|iPhone.Build.0 = Release|iPhone
		{9F452F76-E72E-41C1-81CE-8CA628FF71DF}.Release|iPhoneSimulator.ActiveCfg = Release|iPhoneSimulator
		{9F452F76-E72E-41C1-81CE-8CA628FF71DF}.Release|iPhoneSimulator.Build.0 = Release|iPhoneSimulator
		{9F452F76-E72E-41C1-81CE-8CA628FF71DF}.Release|x64.ActiveCfg = Release|iPhone
		{9F452F76-E72E-41C1-81CE-8CA628FF71DF}.Release|x86.ActiveCfg = Release|iPhone
		{9C9876BC-9165-413B-9B80-E2F64A4F0B01}.Ad-Hoc|Any CPU.ActiveCfg = Release|x86
		{9C9876BC-9165-413B-9B80-E2F64A4F0B01}.Ad-Hoc|Any CPU.Build.0 = Release|x86
		{9C9876BC-9165-413B-9B80-E2F64A4F0B01}.Ad-Hoc|Any CPU.Deploy.0 = Release|x86
		{9C9876BC-9165-413B-9B80-E2F64A4F0B01}.Ad-Hoc|ARM.ActiveCfg = Release|ARM
		{9C9876BC-9165-413B-9B80-E2F64A4F0B01}.Ad-Hoc|ARM.Build.0 = Release|ARM
		{9C9876BC-9165-413B-9B80-E2F64A4F0B01}.Ad-Hoc|ARM.Deploy.0 = Release|ARM
		{9C9876BC-9165-413B-9B80-E2F64A4F0B01}.Ad-Hoc|iPhone.ActiveCfg = Release|x86
		{9C9876BC-9165-413B-9B80-E2F64A4F0B01}.Ad-Hoc|iPhone.Build.0 = Release|x86
		{9C9876BC-9165-413B-9B80-E2F64A4F0B01}.Ad-Hoc|iPhone.Deploy.0 = Release|x86
		{9C9876BC-9165-413B-9B80-E2F64A4F0B01}.Ad-Hoc|iPhoneSimulator.ActiveCfg = Release|x86
		{9C9876BC-9165-413B-9B80-E2F64A4F0B01}.Ad-Hoc|iPhoneSimulator.Build.0 = Release|x86
		{9C9876BC-9165-413B-9B80-E2F64A4F0B01}.Ad-Hoc|iPhoneSimulator.Deploy.0 = Release|x86
		{9C9876BC-9165-413B-9B80-E2F64A4F0B01}.Ad-Hoc|x64.ActiveCfg = Release|x64
		{9C9876BC-9165-413B-9B80-E2F64A4F0B01}.Ad-Hoc|x64.Build.0 = Release|x64
		{9C9876BC-9165-413B-9B80-E2F64A4F0B01}.Ad-Hoc|x64.Deploy.0 = Release|x64
		{9C9876BC-9165-413B-9B80-E2F64A4F0B01}.Ad-Hoc|x86.ActiveCfg = Release|x86
		{9C9876BC-9165-413B-9B80-E2F64A4F0B01}.Ad-Hoc|x86.Build.0 = Release|x86
		{9C9876BC-9165-413B-9B80-E2F64A4F0B01}.Ad-Hoc|x86.Deploy.0 = Release|x86
		{9C9876BC-9165-413B-9B80-E2F64A4F0B01}.AppStore|Any CPU.ActiveCfg = Release|x86
		{9C9876BC-9165-413B-9B80-E2F64A4F0B01}.AppStore|Any CPU.Build.0 = Release|x86
		{9C9876BC-9165-413B-9B80-E2F64A4F0B01}.AppStore|Any CPU.Deploy.0 = Release|x86
		{9C9876BC-9165-413B-9B80-E2F64A4F0B01}.AppStore|ARM.ActiveCfg = Release|ARM
		{9C9876BC-9165-413B-9B80-E2F64A4F0B01}.AppStore|ARM.Build.0 = Release|ARM
		{9C9876BC-9165-413B-9B80-E2F64A4F0B01}.AppStore|ARM.Deploy.0 = Release|ARM
		{9C9876BC-9165-413B-9B80-E2F64A4F0B01}.AppStore|iPhone.ActiveCfg = Release|x86
		{9C9876BC-9165-413B-9B80-E2F64A4F0B01}.AppStore|iPhone.Build.0 = Release|x86
		{9C9876BC-9165-413B-9B80-E2F64A4F0B01}.AppStore|iPhone.Deploy.0 = Release|x86
		{9C9876BC-9165-413B-9B80-E2F64A4F0B01}.AppStore|iPhoneSimulator.ActiveCfg = Release|x86
		{9C9876BC-9165-413B-9B80-E2F64A4F0B01}.AppStore|iPhoneSimulator.Build.0 = Release|x86
		{9C9876BC-9165-413B-9B80-E2F64A4F0B01}.AppStore|iPhoneSimulator.Deploy.0 = Release|x86
		{9C9876BC-9165-413B-9B80-E2F64A4F0B01}.AppStore|x64.ActiveCfg = Release|x64
		{9C9876BC-9165-413B-9B80-E2F64A4F0B01}.AppStore|x64.Build.0 = Release|x64
		{9C9876BC-9165-413B-9B80-E2F64A4F0B01}.AppStore|x64.Deploy.0 = Release|x64
		{9C9876BC-9165-413B-9B80-E2F64A4F0B01}.AppStore|x86.ActiveCfg = Release|x86
		{9C9876BC-9165-413B-9B80-E2F64A4F0B01}.AppStore|x86.Build.0 = Release|x86
		{9C9876BC-9165-413B-9B80-E2F64A4F0B01}.AppStore|x86.Deploy.0 = Release|x86
		{9C9876BC-9165-413B-9B80-E2F64A4F0B01}.Debug|Any CPU.ActiveCfg = Debug|x86
		{9C9876BC-9165-413B-9B80-E2F64A4F0B01}.Debug|Any CPU.Build.0 = Debug|x86
		{9C9876BC-9165-413B-9B80-E2F64A4F0B01}.Debug|Any CPU.Deploy.0 = Debug|x86
		{9C9876BC-9165-413B-9B80-E2F64A4F0B01}.Debug|ARM.ActiveCfg = Debug|ARM
		{9C9876BC-9165-413B-9B80-E2F64A4F0B01}.Debug|ARM.Build.0 = Debug|ARM
		{9C9876BC-9165-413B-9B80-E2F64A4F0B01}.Debug|ARM.Deploy.0 = Debug|ARM
		{9C9876BC-9165-413B-9B80-E2F64A4F0B01}.Debug|iPhone.ActiveCfg = Debug|x86
		{9C9876BC-9165-413B-9B80-E2F64A4F0B01}.Debug|iPhoneSimulator.ActiveCfg = Debug|x86
		{9C9876BC-9165-413B-9B80-E2F64A4F0B01}.Debug|x64.ActiveCfg = Debug|x64
		{9C9876BC-9165-413B-9B80-E2F64A4F0B01}.Debug|x64.Build.0 = Debug|x64
		{9C9876BC-9165-413B-9B80-E2F64A4F0B01}.Debug|x64.Deploy.0 = Debug|x64
		{9C9876BC-9165-413B-9B80-E2F64A4F0B01}.Debug|x86.ActiveCfg = Debug|x86
		{9C9876BC-9165-413B-9B80-E2F64A4F0B01}.Debug|x86.Build.0 = Debug|x86
		{9C9876BC-9165-413B-9B80-E2F64A4F0B01}.Debug|x86.Deploy.0 = Debug|x86
		{9C9876BC-9165-413B-9B80-E2F64A4F0B01}.Release|Any CPU.ActiveCfg = Release|x86
		{9C9876BC-9165-413B-9B80-E2F64A4F0B01}.Release|ARM.ActiveCfg = Release|ARM
		{9C9876BC-9165-413B-9B80-E2F64A4F0B01}.Release|ARM.Build.0 = Release|ARM
		{9C9876BC-9165-413B-9B80-E2F64A4F0B01}.Release|ARM.Deploy.0 = Release|ARM
		{9C9876BC-9165-413B-9B80-E2F64A4F0B01}.Release|iPhone.ActiveCfg = Release|x86
		{9C9876BC-9165-413B-9B80-E2F64A4F0B01}.Release|iPhoneSimulator.ActiveCfg = Release|x86
		{9C9876BC-9165-413B-9B80-E2F64A4F0B01}.Release|x64.ActiveCfg = Release|x64
		{9C9876BC-9165-413B-9B80-E2F64A4F0B01}.Release|x64.Build.0 = Release|x64
		{9C9876BC-9165-413B-9B80-E2F64A4F0B01}.Release|x64.Deploy.0 = Release|x64
		{9C9876BC-9165-413B-9B80-E2F64A4F0B01}.Release|x86.ActiveCfg = Release|x86
		{9C9876BC-9165-413B-9B80-E2F64A4F0B01}.Release|x86.Build.0 = Release|x86
		{9C9876BC-9165-413B-9B80-E2F64A4F0B01}.Release|x86.Deploy.0 = Release|x86
	EndGlobalSection
	GlobalSection(SolutionProperties) = preSolution
		HideSolutionNode = FALSE
	EndGlobalSection
EndGlobal
